<Solution>
    <Project Path="AvaloniaSupport\EasyExtractAvaloniaSupport\EasyExtractAvaloniaSupport.csproj" Type="Classic C#"/>
    <Project Path="EasyExtract\EasyExtract.csproj" Type="Classic C#">
        <Configuration Solution="Debug|Any CPU" Project="Release|Any CPU"/>
    </Project>
</Solution>