Microsoft Visual Studio Solution File, Format Version 12.00
# Visual Studio Version 17
VisualStudioVersion = 17.5.2.0
MinimumVisualStudioVersion = 10.0.40219.1
Project("{FAE04EC0-301F-11D3-BF4B-00C04F79EFBC}") = "EasyExtractCrossPlatform", "EasyExtractCrossPlatform.csproj", "{C8027C75-D17D-6A85-B93B-D96892668840}"
EndProject
Global
	GlobalSection(SolutionConfigurationPlatforms) = preSolution
		Debug|Any CPU = Debug|Any CPU
		Release|Any CPU = Release|Any CPU
	EndGlobalSection
	GlobalSection(ProjectConfigurationPlatforms) = postSolution
		{C8027C75-D17D-6A85-B93B-D96892668840}.Debug|Any CPU.ActiveCfg = Debug|Any CPU
		{C8027C75-D17D-6A85-B93B-D96892668840}.Debug|Any CPU.Build.0 = Debug|Any CPU
		{C8027C75-D17D-6A85-B93B-D96892668840}.Release|Any CPU.ActiveCfg = Release|Any CPU
		{C8027C75-D17D-6A85-B93B-D96892668840}.Release|Any CPU.Build.0 = Release|Any CPU
	EndGlobalSection
	GlobalSection(SolutionProperties) = preSolution
		HideSolutionNode = FALSE
	EndGlobalSection
	GlobalSection(ExtensibilityGlobals) = postSolution
		SolutionGuid = {3035750C-1F5C-42CF-A874-0C8C8B0D873F}
	EndGlobalSection
EndGlobal
