
Microsoft Visual Studio Solution File, Format Version 12.00
# Visual Studio Version 17
VisualStudioVersion = 17.2.32210.308
MinimumVisualStudioVersion = 10.0.40219.1
Project("{FAE04EC0-301F-11D3-BF4B-00C04F79EFBC}") = "EasyExtractUnitypackageRework", "..\EasyExtractUnitypackageRework\EasyExtractUnitypackageRework.csproj", "{A0AEF72B-5D34-4656-9A4F-97F600B8A727}"
EndProject
Global
	GlobalSection(SolutionConfigurationPlatforms) = preSolution
		Debug|Any CPU = Debug|Any CPU
		Release|Any CPU = Release|Any CPU
	EndGlobalSection
	GlobalSection(ProjectConfigurationPlatforms) = postSolution
		{A0AEF72B-5D34-4656-9A4F-97F600B8A727}.Debug|Any CPU.ActiveCfg = Debug|Any CPU
		{A0AEF72B-5D34-4656-9A4F-97F600B8A727}.Debug|Any CPU.Build.0 = Debug|Any CPU
		{A0AEF72B-5D34-4656-9A4F-97F600B8A727}.Release|Any CPU.ActiveCfg = Release|Any CPU
		{A0AEF72B-5D34-4656-9A4F-97F600B8A727}.Release|Any CPU.Build.0 = Release|Any CPU
	EndGlobalSection
	GlobalSection(SolutionProperties) = preSolution
		HideSolutionNode = FALSE
	EndGlobalSection
	GlobalSection(ExtensibilityGlobals) = postSolution
		SolutionGuid = {AD9C6347-BDFA-41C0-8618-FE8D1A953F95}
	EndGlobalSection
EndGlobal
